
Microsoft Visual Studio Solution File, Format Version 12.00
Project("{FAE04EC0-301F-11D3-BF4B-00C04F79EFBC}") = "DomainDrivenDesignUdemy.Domain", "DomainDrivenDesignUdemy.Domain\DomainDrivenDesignUdemy.Domain.csproj", "{117E22DF-EEDA-44A8-90CB-D8071ACC390D}"
EndProject
Project("{FAE04EC0-301F-11D3-BF4B-00C04F79EFBC}") = "DomainDrivenDesignUdemy.Application", "DomainDrivenDesignUdemy.Application\DomainDrivenDesignUdemy.Application.csproj", "{02E6FDC0-0112-4DD7-8B95-F72EBAEE47BC}"
EndProject
Global
	GlobalSection(SolutionConfigurationPlatforms) = preSolution
		Debug|Any CPU = Debug|Any CPU
		Release|Any CPU = Release|Any CPU
	EndGlobalSection
	GlobalSection(ProjectConfigurationPlatforms) = postSolution
		{117E22DF-EEDA-44A8-90CB-D8071ACC390D}.Debug|Any CPU.ActiveCfg = Debug|Any CPU
		{117E22DF-EEDA-44A8-90CB-D8071ACC390D}.Debug|Any CPU.Build.0 = Debug|Any CPU
		{117E22DF-EEDA-44A8-90CB-D8071ACC390D}.Release|Any CPU.ActiveCfg = Release|Any CPU
		{117E22DF-EEDA-44A8-90CB-D8071ACC390D}.Release|Any CPU.Build.0 = Release|Any CPU
		{02E6FDC0-0112-4DD7-8B95-F72EBAEE47BC}.Debug|Any CPU.ActiveCfg = Debug|Any CPU
		{02E6FDC0-0112-4DD7-8B95-F72EBAEE47BC}.Debug|Any CPU.Build.0 = Debug|Any CPU
		{02E6FDC0-0112-4DD7-8B95-F72EBAEE47BC}.Release|Any CPU.ActiveCfg = Release|Any CPU
		{02E6FDC0-0112-4DD7-8B95-F72EBAEE47BC}.Release|Any CPU.Build.0 = Release|Any CPU
	EndGlobalSection
EndGlobal
